<?xml version="1.0" encoding="utf-8"?>
<Project ToolsVersion="4.0" xmlns="http://schemas.microsoft.com/developer/msbuild/2003">
  <ItemGroup>
    <Filter Include="Source Files">
      <UniqueIdentifier>{4FC737F1-C7A5-4376-A066-2A32D752A2FF}</UniqueIdentifier>
      <Extensions>cpp;c;cc;cxx;def;odl;idl;hpj;bat;asm;asmx</Extensions>
    </Filter>
    <Filter Include="Header Files">
      <UniqueIdentifier>{93995380-89BD-4b04-88EB-625FBE52EBFB}</UniqueIdentifier>
      <Extensions>h;hh;hpp;hxx;hm;inl;inc;xsd</Extensions>
    </Filter>
    <Filter Include="Resource Files">
      <UniqueIdentifier>{67DA6AB6-F800-4c08-8B7A-83BB121AAD01}</UniqueIdentifier>
      <Extensions>rc;ico;cur;bmp;dlg;rc2;rct;bin;rgs;gif;jpg;jpeg;jpe;resx;tiff;tif;png;wav;mfcribbon-ms</Extensions>
    </Filter>
    <Filter Include="Shader">
      <UniqueIdentifier>{477d51c1-9aec-40a6-8155-844e6ad6e154}</UniqueIdentifier>
    </Filter>
    <Filter Include="Components">
      <UniqueIdentifier>{15c3df88-561d-4f3b-b529-08aed0c0d071}</UniqueIdentifier>
    </Filter>
    <Filter Include="Shader\Vertex">
      <UniqueIdentifier>{55e9dea6-a7d8-4c6c-bec3-f6b7c61dbe67}</UniqueIdentifier>
    </Filter>
    <Filter Include="Shader\Fragment">
      <UniqueIdentifier>{7967a195-3c27-4956-a5b9-7b25e407f125}</UniqueIdentifier>
    </Filter>
  </ItemGroup>
  <ItemGroup>
    <ClCompile Include="main.cpp">
      <Filter>Source Files</Filter>
    </ClCompile>
    <ClCompile Include="PlayerLayer.cpp">
      <Filter>Source Files</Filter>
    </ClCompile>
    <ClCompile Include="Player.cpp">
      <Filter>Source Files</Filter>
    </ClCompile>
    <ClCompile Include="GameLayer.cpp">
      <Filter>Source Files</Filter>
    </ClCompile>
    <ClCompile Include="LevelManager.cpp">
      <Filter>Source Files</Filter>
    </ClCompile>
    <ClCompile Include="GhostWall.cpp">
      <Filter>Source Files</Filter>
    </ClCompile>
    <ClCompile Include="helper.cpp">
      <Filter>Source Files</Filter>
    </ClCompile>
    <ClCompile Include="MainMenuLayerLogic.cpp">
      <Filter>Source Files</Filter>
    </ClCompile>
    <ClCompile Include="MainMenuLayerGraphics.cpp">
      <Filter>Source Files</Filter>
    </ClCompile>
    <ClCompile Include="BackgroundLayer.cpp">
      <Filter>Source Files</Filter>
    </ClCompile>
    <ClCompile Include="ScrollSystem.cpp">
      <Filter>Source Files</Filter>
    </ClCompile>
    <ClCompile Include="ParticleSystem.cpp">
      <Filter>Source Files</Filter>
    </ClCompile>
    <ClCompile Include="GameOverlayLayer.cpp">
      <Filter>Source Files</Filter>
    </ClCompile>
    <ClCompile Include="CloudSystem.cpp">
      <Filter>Source Files</Filter>
    </ClCompile>
    <ClCompile Include="MersenneTwisterEngine.cpp">
      <Filter>Source Files</Filter>
    </ClCompile>
  </ItemGroup>
  <ItemGroup>
    <ClInclude Include="PlayerLayer.h">
      <Filter>Header Files</Filter>
    </ClInclude>
    <ClInclude Include="Player.h">
      <Filter>Header Files</Filter>
    </ClInclude>
    <ClInclude Include="GameLayer.h">
      <Filter>Header Files</Filter>
    </ClInclude>
    <ClInclude Include="LevelManager.h">
      <Filter>Header Files</Filter>
    </ClInclude>
    <ClInclude Include="GhostWall.h">
      <Filter>Header Files</Filter>
    </ClInclude>
    <ClInclude Include="helper.h">
      <Filter>Header Files</Filter>
    </ClInclude>
    <ClInclude Include="StaticColliderComponent.h">
      <Filter>Components</Filter>
    </ClInclude>
    <ClInclude Include="LethalTriggerComponent.h">
      <Filter>Components</Filter>
    </ClInclude>
    <ClInclude Include="ScoreComponent.h">
      <Filter>Components</Filter>
    </ClInclude>
    <ClInclude Include="MainMenuLayerLogic.h">
      <Filter>Header Files</Filter>
    </ClInclude>
    <ClInclude Include="MainMenuLayerGraphics.h">
      <Filter>Header Files</Filter>
    </ClInclude>
    <ClInclude Include="BackgroundLayer.h">
      <Filter>Header Files</Filter>
    </ClInclude>
    <ClInclude Include="ScrollComponent.h">
      <Filter>Components</Filter>
    </ClInclude>
    <ClInclude Include="ScrollSystem.h">
      <Filter>Header Files</Filter>
    </ClInclude>
    <ClInclude Include="ParticleComponent.h">
      <Filter>Components</Filter>
    </ClInclude>
    <ClInclude Include="ParticleSystem.h">
      <Filter>Source Files</Filter>
    </ClInclude>
    <ClInclude Include="GameOverlayLayer.h">
      <Filter>Header Files</Filter>
    </ClInclude>
    <ClInclude Include="CloudSystem.h">
      <Filter>Header Files</Filter>
    </ClInclude>
    <ClInclude Include="CloudComponent.h">
      <Filter>Components</Filter>
    </ClInclude>
    <ClInclude Include="MersenneTwisterEngine.h">
      <Filter>Header Files</Filter>
    </ClInclude>
    <ClInclude Include="CoinComponent.h">
      <Filter>Components</Filter>
    </ClInclude>
  </ItemGroup>
  <ItemGroup>
    <None Include="..\assets\levelGeometry.frag">
      <Filter>Shader\Fragment</Filter>
    </None>
    <None Include="..\assets\levelGeometryGhost.frag">
      <Filter>Shader\Fragment</Filter>
    </None>
    <None Include="..\assets\mainMenuButton.frag">
      <Filter>Shader\Fragment</Filter>
    </None>
    <None Include="..\assets\player.frag">
      <Filter>Shader\Fragment</Filter>
    </None>
    <None Include="..\assets\score.frag">
      <Filter>Shader\Fragment</Filter>
    </None>
    <None Include="..\assets\spikes_left.frag">
      <Filter>Shader\Fragment</Filter>
    </None>
    <None Include="..\assets\spikes_right.frag">
      <Filter>Shader\Fragment</Filter>
    </None>
    <None Include="..\assets\spikes_up.frag">
      <Filter>Shader\Fragment</Filter>
    </None>
    <None Include="..\assets\default.vert">
      <Filter>Shader\Vertex</Filter>
    </None>
    <None Include="..\assets\defaultUV.vert">
      <Filter>Shader\Vertex</Filter>
    </None>
    <None Include="..\assets\score.vert">
      <Filter>Shader\Vertex</Filter>
    </None>
    <None Include="..\assets\backgroundHeightMap.frag">
      <Filter>Shader\Fragment</Filter>
    </None>
    <None Include="..\assets\sun.frag">
      <Filter>Shader\Fragment</Filter>
    </None>
    <None Include="..\assets\sunOverlay.frag">
      <Filter>Shader\Fragment</Filter>
    </None>
    <None Include="..\assets\playerTrail.frag">
      <Filter>Shader\Fragment</Filter>
    </None>
    <None Include="..\assets\cloud.frag">
      <Filter>Shader\Fragment</Filter>
    </None>
    <None Include="..\assets\coin.frag">
      <Filter>Shader\Fragment</Filter>
    </None>
    <None Include="..\assets\player.frag">
      <Filter>Shader\Fragment</Filter>
    </None>
    <None Include="..\assets\playerParticle.frag">
      <Filter>Shader\Fragment</Filter>
    </None>
  </ItemGroup>
</Project>