<?xml version="1.0" encoding="utf-8"?>
<Project ToolsVersion="4.0" xmlns="http://schemas.microsoft.com/developer/msbuild/2003">
  <ItemGroup>
    <Filter Include="Source Files">
      <UniqueIdentifier>{4FC737F1-C7A5-4376-A066-2A32D752A2FF}</UniqueIdentifier>
      <Extensions>cpp;c;cc;cxx;def;odl;idl;hpj;bat;asm;asmx</Extensions>
    </Filter>
    <Filter Include="Header Files">
      <UniqueIdentifier>{93995380-89BD-4b04-88EB-625FBE52EBFB}</UniqueIdentifier>
      <Extensions>h;hh;hpp;hxx;hm;inl;inc;xsd</Extensions>
    </Filter>
    <Filter Include="Resource Files">
      <UniqueIdentifier>{67DA6AB6-F800-4c08-8B7A-83BB121AAD01}</UniqueIdentifier>
      <Extensions>rc;ico;cur;bmp;dlg;rc2;rct;bin;rgs;gif;jpg;jpeg;jpe;resx;tiff;tif;png;wav;mfcribbon-ms</Extensions>
    </Filter>
    <Filter Include="Shader">
      <UniqueIdentifier>{477d51c1-9aec-40a6-8155-844e6ad6e154}</UniqueIdentifier>
    </Filter>
    <Filter Include="Components">
      <UniqueIdentifier>{15c3df88-561d-4f3b-b529-08aed0c0d071}</UniqueIdentifier>
    </Filter>
  </ItemGroup>
  <ItemGroup>
    <ClCompile Include="main.cpp">
      <Filter>Source Files</Filter>
    </ClCompile>
    <ClCompile Include="MainMenuLayer.cpp">
      <Filter>Source Files</Filter>
    </ClCompile>
    <ClCompile Include="PlayerLayer.cpp">
      <Filter>Source Files</Filter>
    </ClCompile>
    <ClCompile Include="Player.cpp">
      <Filter>Source Files</Filter>
    </ClCompile>
    <ClCompile Include="Scroll.cpp">
      <Filter>Source Files</Filter>
    </ClCompile>
    <ClCompile Include="GameLayer.cpp">
      <Filter>Source Files</Filter>
    </ClCompile>
    <ClCompile Include="LevelManager.cpp">
      <Filter>Source Files</Filter>
    </ClCompile>
    <ClCompile Include="GhostWall.cpp">
      <Filter>Source Files</Filter>
    </ClCompile>
    <ClCompile Include="helper.cpp">
      <Filter>Source Files</Filter>
    </ClCompile>
    <ClCompile Include="HighScoreUpdateSystem.cpp">
      <Filter>Source Files</Filter>
    </ClCompile>
  </ItemGroup>
  <ItemGroup>
    <ClInclude Include="MainMenuLayer.h">
      <Filter>Header Files</Filter>
    </ClInclude>
    <ClInclude Include="PlayerLayer.h">
      <Filter>Header Files</Filter>
    </ClInclude>
    <ClInclude Include="Player.h">
      <Filter>Header Files</Filter>
    </ClInclude>
    <ClInclude Include="Scroll.h">
      <Filter>Header Files</Filter>
    </ClInclude>
    <ClInclude Include="GameLayer.h">
      <Filter>Header Files</Filter>
    </ClInclude>
    <ClInclude Include="LevelManager.h">
      <Filter>Header Files</Filter>
    </ClInclude>
    <ClInclude Include="GhostWall.h">
      <Filter>Header Files</Filter>
    </ClInclude>
    <ClInclude Include="helper.h">
      <Filter>Header Files</Filter>
    </ClInclude>
    <ClInclude Include="StaticColliderComponent.h">
      <Filter>Components</Filter>
    </ClInclude>
    <ClInclude Include="LethalTriggerComponent.h">
      <Filter>Components</Filter>
    </ClInclude>
    <ClInclude Include="ScoreComponent.h">
      <Filter>Components</Filter>
    </ClInclude>
    <ClInclude Include="HighScoreUpdateSystem.h">
      <Filter>Header Files</Filter>
    </ClInclude>
    <ClInclude Include="HighScoreComponent.h">
      <Filter>Components</Filter>
    </ClInclude>
  </ItemGroup>
  <ItemGroup>
    <None Include="..\assets\levelGeometry.frag">
      <Filter>Shader</Filter>
    </None>
    <None Include="..\assets\levelGeometry.vert">
      <Filter>Shader</Filter>
    </None>
    <None Include="..\assets\mainMenuButton.frag">
      <Filter>Shader</Filter>
    </None>
    <None Include="..\assets\mainMenuButton.vert">
      <Filter>Shader</Filter>
    </None>
    <None Include="..\assets\player.frag">
      <Filter>Shader</Filter>
    </None>
    <None Include="..\assets\player.vert">
      <Filter>Shader</Filter>
    </None>
    <None Include="..\assets\spikes.vert">
      <Filter>Shader</Filter>
    </None>
    <None Include="..\assets\spikes_up.frag">
      <Filter>Shader</Filter>
    </None>
    <None Include="..\assets\spikes_left.frag">
      <Filter>Shader</Filter>
    </None>
    <None Include="..\assets\spikes_right.frag">
      <Filter>Shader</Filter>
    </None>
    <None Include="..\assets\levelGeometryGhost.frag">
      <Filter>Shader</Filter>
    </None>
    <None Include="..\assets\score.vert">
      <Filter>Shader</Filter>
    </None>
    <None Include="..\assets\score.frag">
      <Filter>Shader</Filter>
    </None>
  </ItemGroup>
</Project>